
Microsoft Visual Studio Solution File, Format Version 12.00
# Visual Studio Version 17
VisualStudioVersion = 17.0.31903.59
MinimumVisualStudioVersion = 10.0.40219.1
Project("{FAE04EC0-301F-11D3-BF4B-00C04F79EFBC}") = "ISDCompanion.Android", "ISDCompanion.Android\ISDCompanion.Android.csproj", "{F43B6C85-6C88-425A-963F-AF5A7C83CC15}"
EndProject
Project("{FAE04EC0-301F-11D3-BF4B-00C04F79EFBC}") = "ISDCompanion.iOS", "ISDCompanion.iOS\ISDCompanion.iOS.csproj", "{78EC52DC-4509-4283-ADA6-FE9D0524A99E}"
EndProject
Project("{9A19103F-16F7-4668-BE54-9A1E7A4F7556}") = "ISDCompanion", "ISDCompanion\ISDCompanion.csproj", "{8C13A39D-8BC7-4CFA-9305-45952E0B8584}"
EndProject
Project("{9A19103F-16F7-4668-BE54-9A1E7A4F7556}") = "Mensa.Core", "Mensa.Core\Mensa.Core.csproj", "{5F443642-9396-435C-84FE-22061FE9C3F5}"
EndProject
Project("{9A19103F-16F7-4668-BE54-9A1E7A4F7556}") = "Mensa.Core.Tests", "Mensa.Core.Tests\Mensa.Core.Tests.csproj", "{285FAA27-8C4F-43DF-84D8-4F7EF622952A}"
EndProject
Project("{9A19103F-16F7-4668-BE54-9A1E7A4F7556}") = "TableGen", "..\TableGen\TableGen.csproj", "{C881FB58-D566-49F6-B37C-5364FF1ED50C}"
EndProject
Project("{9A19103F-16F7-4668-BE54-9A1E7A4F7556}") = "NewGraphGen", "..\GraphGen\NewGraphGen.csproj", "{EEFA2194-F80A-40F1-B6C7-DED5BC275CE4}"
EndProject
Global
	GlobalSection(SolutionConfigurationPlatforms) = preSolution
		Debug|Any CPU = Debug|Any CPU
		Debug|iPhone = Debug|iPhone
		Debug|iPhoneSimulator = Debug|iPhoneSimulator
		Release|Any CPU = Release|Any CPU
		Release|iPhone = Release|iPhone
		Release|iPhoneSimulator = Release|iPhoneSimulator
	EndGlobalSection
	GlobalSection(ProjectConfigurationPlatforms) = postSolution
		{F43B6C85-6C88-425A-963F-AF5A7C83CC15}.Debug|Any CPU.ActiveCfg = Debug|Any CPU
		{F43B6C85-6C88-425A-963F-AF5A7C83CC15}.Debug|Any CPU.Build.0 = Debug|Any CPU
		{F43B6C85-6C88-425A-963F-AF5A7C83CC15}.Debug|Any CPU.Deploy.0 = Debug|Any CPU
		{F43B6C85-6C88-425A-963F-AF5A7C83CC15}.Debug|iPhone.ActiveCfg = Debug|Any CPU
		{F43B6C85-6C88-425A-963F-AF5A7C83CC15}.Debug|iPhone.Build.0 = Debug|Any CPU
		{F43B6C85-6C88-425A-963F-AF5A7C83CC15}.Debug|iPhoneSimulator.ActiveCfg = Debug|Any CPU
		{F43B6C85-6C88-425A-963F-AF5A7C83CC15}.Debug|iPhoneSimulator.Build.0 = Debug|Any CPU
		{F43B6C85-6C88-425A-963F-AF5A7C83CC15}.Release|Any CPU.ActiveCfg = Release|Any CPU
		{F43B6C85-6C88-425A-963F-AF5A7C83CC15}.Release|Any CPU.Build.0 = Release|Any CPU
		{F43B6C85-6C88-425A-963F-AF5A7C83CC15}.Release|Any CPU.Deploy.0 = Release|Any CPU
		{F43B6C85-6C88-425A-963F-AF5A7C83CC15}.Release|iPhone.ActiveCfg = Release|Any CPU
		{F43B6C85-6C88-425A-963F-AF5A7C83CC15}.Release|iPhone.Build.0 = Release|Any CPU
		{F43B6C85-6C88-425A-963F-AF5A7C83CC15}.Release|iPhoneSimulator.ActiveCfg = Release|Any CPU
		{F43B6C85-6C88-425A-963F-AF5A7C83CC15}.Release|iPhoneSimulator.Build.0 = Release|Any CPU
		{78EC52DC-4509-4283-ADA6-FE9D0524A99E}.Debug|Any CPU.ActiveCfg = Debug|iPhoneSimulator
		{78EC52DC-4509-4283-ADA6-FE9D0524A99E}.Debug|Any CPU.Build.0 = Debug|iPhoneSimulator
		{78EC52DC-4509-4283-ADA6-FE9D0524A99E}.Debug|iPhone.ActiveCfg = Debug|iPhone
		{78EC52DC-4509-4283-ADA6-FE9D0524A99E}.Debug|iPhone.Build.0 = Debug|iPhone
		{78EC52DC-4509-4283-ADA6-FE9D0524A99E}.Debug|iPhoneSimulator.ActiveCfg = Debug|iPhoneSimulator
		{78EC52DC-4509-4283-ADA6-FE9D0524A99E}.Debug|iPhoneSimulator.Build.0 = Debug|iPhoneSimulator
		{78EC52DC-4509-4283-ADA6-FE9D0524A99E}.Release|Any CPU.ActiveCfg = Release|iPhoneSimulator
		{78EC52DC-4509-4283-ADA6-FE9D0524A99E}.Release|Any CPU.Build.0 = Release|iPhoneSimulator
		{78EC52DC-4509-4283-ADA6-FE9D0524A99E}.Release|iPhone.ActiveCfg = Release|iPhone
		{78EC52DC-4509-4283-ADA6-FE9D0524A99E}.Release|iPhone.Build.0 = Release|iPhone
		{78EC52DC-4509-4283-ADA6-FE9D0524A99E}.Release|iPhoneSimulator.ActiveCfg = Release|iPhoneSimulator
		{78EC52DC-4509-4283-ADA6-FE9D0524A99E}.Release|iPhoneSimulator.Build.0 = Release|iPhoneSimulator
		{8C13A39D-8BC7-4CFA-9305-45952E0B8584}.Debug|Any CPU.ActiveCfg = Debug|Any CPU
		{8C13A39D-8BC7-4CFA-9305-45952E0B8584}.Debug|Any CPU.Build.0 = Debug|Any CPU
		{8C13A39D-8BC7-4CFA-9305-45952E0B8584}.Debug|iPhone.ActiveCfg = Debug|Any CPU
		{8C13A39D-8BC7-4CFA-9305-45952E0B8584}.Debug|iPhone.Build.0 = Debug|Any CPU
		{8C13A39D-8BC7-4CFA-9305-45952E0B8584}.Debug|iPhoneSimulator.ActiveCfg = Debug|Any CPU
		{8C13A39D-8BC7-4CFA-9305-45952E0B8584}.Debug|iPhoneSimulator.Build.0 = Debug|Any CPU
		{8C13A39D-8BC7-4CFA-9305-45952E0B8584}.Release|Any CPU.ActiveCfg = Release|Any CPU
		{8C13A39D-8BC7-4CFA-9305-45952E0B8584}.Release|Any CPU.Build.0 = Release|Any CPU
		{8C13A39D-8BC7-4CFA-9305-45952E0B8584}.Release|iPhone.ActiveCfg = Release|Any CPU
		{8C13A39D-8BC7-4CFA-9305-45952E0B8584}.Release|iPhone.Build.0 = Release|Any CPU
		{8C13A39D-8BC7-4CFA-9305-45952E0B8584}.Release|iPhoneSimulator.ActiveCfg = Release|Any CPU
		{8C13A39D-8BC7-4CFA-9305-45952E0B8584}.Release|iPhoneSimulator.Build.0 = Release|Any CPU
		{5F443642-9396-435C-84FE-22061FE9C3F5}.Debug|Any CPU.ActiveCfg = Debug|Any CPU
		{5F443642-9396-435C-84FE-22061FE9C3F5}.Debug|Any CPU.Build.0 = Debug|Any CPU
		{5F443642-9396-435C-84FE-22061FE9C3F5}.Debug|iPhone.ActiveCfg = Debug|Any CPU
		{5F443642-9396-435C-84FE-22061FE9C3F5}.Debug|iPhone.Build.0 = Debug|Any CPU
		{5F443642-9396-435C-84FE-22061FE9C3F5}.Debug|iPhoneSimulator.ActiveCfg = Debug|Any CPU
		{5F443642-9396-435C-84FE-22061FE9C3F5}.Debug|iPhoneSimulator.Build.0 = Debug|Any CPU
		{5F443642-9396-435C-84FE-22061FE9C3F5}.Release|Any CPU.ActiveCfg = Release|Any CPU
		{5F443642-9396-435C-84FE-22061FE9C3F5}.Release|Any CPU.Build.0 = Release|Any CPU
		{5F443642-9396-435C-84FE-22061FE9C3F5}.Release|iPhone.ActiveCfg = Release|Any CPU
		{5F443642-9396-435C-84FE-22061FE9C3F5}.Release|iPhone.Build.0 = Release|Any CPU
		{5F443642-9396-435C-84FE-22061FE9C3F5}.Release|iPhoneSimulator.ActiveCfg = Release|Any CPU
		{5F443642-9396-435C-84FE-22061FE9C3F5}.Release|iPhoneSimulator.Build.0 = Release|Any CPU
		{285FAA27-8C4F-43DF-84D8-4F7EF622952A}.Debug|Any CPU.ActiveCfg = Debug|Any CPU
		{285FAA27-8C4F-43DF-84D8-4F7EF622952A}.Debug|Any CPU.Build.0 = Debug|Any CPU
		{285FAA27-8C4F-43DF-84D8-4F7EF622952A}.Debug|iPhone.ActiveCfg = Debug|Any CPU
		{285FAA27-8C4F-43DF-84D8-4F7EF622952A}.Debug|iPhone.Build.0 = Debug|Any CPU
		{285FAA27-8C4F-43DF-84D8-4F7EF622952A}.Debug|iPhoneSimulator.ActiveCfg = Debug|Any CPU
		{285FAA27-8C4F-43DF-84D8-4F7EF622952A}.Debug|iPhoneSimulator.Build.0 = Debug|Any CPU
		{285FAA27-8C4F-43DF-84D8-4F7EF622952A}.Release|Any CPU.ActiveCfg = Release|Any CPU
		{285FAA27-8C4F-43DF-84D8-4F7EF622952A}.Release|Any CPU.Build.0 = Release|Any CPU
		{285FAA27-8C4F-43DF-84D8-4F7EF622952A}.Release|iPhone.ActiveCfg = Release|Any CPU
		{285FAA27-8C4F-43DF-84D8-4F7EF622952A}.Release|iPhone.Build.0 = Release|Any CPU
		{285FAA27-8C4F-43DF-84D8-4F7EF622952A}.Release|iPhoneSimulator.ActiveCfg = Release|Any CPU
		{285FAA27-8C4F-43DF-84D8-4F7EF622952A}.Release|iPhoneSimulator.Build.0 = Release|Any CPU
		{C881FB58-D566-49F6-B37C-5364FF1ED50C}.Debug|Any CPU.ActiveCfg = Debug|Any CPU
		{C881FB58-D566-49F6-B37C-5364FF1ED50C}.Debug|Any CPU.Build.0 = Debug|Any CPU
		{C881FB58-D566-49F6-B37C-5364FF1ED50C}.Debug|iPhone.ActiveCfg = Debug|Any CPU
		{C881FB58-D566-49F6-B37C-5364FF1ED50C}.Debug|iPhone.Build.0 = Debug|Any CPU
		{C881FB58-D566-49F6-B37C-5364FF1ED50C}.Debug|iPhoneSimulator.ActiveCfg = Debug|Any CPU
		{C881FB58-D566-49F6-B37C-5364FF1ED50C}.Debug|iPhoneSimulator.Build.0 = Debug|Any CPU
		{C881FB58-D566-49F6-B37C-5364FF1ED50C}.Release|Any CPU.ActiveCfg = Release|Any CPU
		{C881FB58-D566-49F6-B37C-5364FF1ED50C}.Release|Any CPU.Build.0 = Release|Any CPU
		{C881FB58-D566-49F6-B37C-5364FF1ED50C}.Release|iPhone.ActiveCfg = Release|Any CPU
		{C881FB58-D566-49F6-B37C-5364FF1ED50C}.Release|iPhone.Build.0 = Release|Any CPU
		{C881FB58-D566-49F6-B37C-5364FF1ED50C}.Release|iPhoneSimulator.ActiveCfg = Release|Any CPU
		{C881FB58-D566-49F6-B37C-5364FF1ED50C}.Release|iPhoneSimulator.Build.0 = Release|Any CPU
		{EEFA2194-F80A-40F1-B6C7-DED5BC275CE4}.Debug|Any CPU.ActiveCfg = Debug|Any CPU
		{EEFA2194-F80A-40F1-B6C7-DED5BC275CE4}.Debug|Any CPU.Build.0 = Debug|Any CPU
		{EEFA2194-F80A-40F1-B6C7-DED5BC275CE4}.Debug|iPhone.ActiveCfg = Debug|Any CPU
		{EEFA2194-F80A-40F1-B6C7-DED5BC275CE4}.Debug|iPhone.Build.0 = Debug|Any CPU
		{EEFA2194-F80A-40F1-B6C7-DED5BC275CE4}.Debug|iPhoneSimulator.ActiveCfg = Debug|Any CPU
		{EEFA2194-F80A-40F1-B6C7-DED5BC275CE4}.Debug|iPhoneSimulator.Build.0 = Debug|Any CPU
		{EEFA2194-F80A-40F1-B6C7-DED5BC275CE4}.Release|Any CPU.ActiveCfg = Release|Any CPU
		{EEFA2194-F80A-40F1-B6C7-DED5BC275CE4}.Release|Any CPU.Build.0 = Release|Any CPU
		{EEFA2194-F80A-40F1-B6C7-DED5BC275CE4}.Release|iPhone.ActiveCfg = Release|Any CPU
		{EEFA2194-F80A-40F1-B6C7-DED5BC275CE4}.Release|iPhone.Build.0 = Release|Any CPU
		{EEFA2194-F80A-40F1-B6C7-DED5BC275CE4}.Release|iPhoneSimulator.ActiveCfg = Release|Any CPU
		{EEFA2194-F80A-40F1-B6C7-DED5BC275CE4}.Release|iPhoneSimulator.Build.0 = Release|Any CPU
	EndGlobalSection
	GlobalSection(SolutionProperties) = preSolution
		HideSolutionNode = FALSE
	EndGlobalSection
	GlobalSection(ExtensibilityGlobals) = postSolution
		SolutionGuid = {4188B81E-93CF-4700-9A8B-4CC2A398C24D}
	EndGlobalSection
EndGlobal
